
Microsoft Visual Studio Solution File, Format Version 12.00
# Visual Studio Version 16
VisualStudioVersion = 16.0.31515.178
MinimumVisualStudioVersion = 10.0.40219.1
Project("{9A19103F-16F7-4668-BE54-9A1E7A4F7556}") = "SuperHeroDB.Server", "Server\SuperHeroDB.Server.csproj", "{0788CBAB-896F-47FE-9626-C9D17915CE42}"
EndProject
Project("{9A19103F-16F7-4668-BE54-9A1E7A4F7556}") = "SuperHeroDB.Client", "Client\SuperHeroDB.Client.csproj", "{96993E14-45F4-45A0-912D-B465B362F426}"
EndProject
Project("{9A19103F-16F7-4668-BE54-9A1E7A4F7556}") = "SuperHeroDB.Shared", "Shared\SuperHeroDB.Shared.csproj", "{AD1EC989-AEA2-4549-B687-B1E3D938A0CC}"
EndProject
Global
	GlobalSection(SolutionConfigurationPlatforms) = preSolution
		Debug|Any CPU = Debug|Any CPU
		Release|Any CPU = Release|Any CPU
	EndGlobalSection
	GlobalSection(ProjectConfigurationPlatforms) = postSolution
		{0788CBAB-896F-47FE-9626-C9D17915CE42}.Debug|Any CPU.ActiveCfg = Debug|Any CPU
		{0788CBAB-896F-47FE-9626-C9D17915CE42}.Debug|Any CPU.Build.0 = Debug|Any CPU
		{0788CBAB-896F-47FE-9626-C9D17915CE42}.Release|Any CPU.ActiveCfg = Release|Any CPU
		{0788CBAB-896F-47FE-9626-C9D17915CE42}.Release|Any CPU.Build.0 = Release|Any CPU
		{96993E14-45F4-45A0-912D-B465B362F426}.Debug|Any CPU.ActiveCfg = Debug|Any CPU
		{96993E14-45F4-45A0-912D-B465B362F426}.Debug|Any CPU.Build.0 = Debug|Any CPU
		{96993E14-45F4-45A0-912D-B465B362F426}.Release|Any CPU.ActiveCfg = Release|Any CPU
		{96993E14-45F4-45A0-912D-B465B362F426}.Release|Any CPU.Build.0 = Release|Any CPU
		{AD1EC989-AEA2-4549-B687-B1E3D938A0CC}.Debug|Any CPU.ActiveCfg = Debug|Any CPU
		{AD1EC989-AEA2-4549-B687-B1E3D938A0CC}.Debug|Any CPU.Build.0 = Debug|Any CPU
		{AD1EC989-AEA2-4549-B687-B1E3D938A0CC}.Release|Any CPU.ActiveCfg = Release|Any CPU
		{AD1EC989-AEA2-4549-B687-B1E3D938A0CC}.Release|Any CPU.Build.0 = Release|Any CPU
	EndGlobalSection
	GlobalSection(SolutionProperties) = preSolution
		HideSolutionNode = FALSE
	EndGlobalSection
	GlobalSection(ExtensibilityGlobals) = postSolution
		SolutionGuid = {0AC50215-C694-4F69-B433-17F424041F13}
	EndGlobalSection
EndGlobal
